DEPENDENCIES
  ffmpeg
  git
  grunt_cookbook
    git: git://github.com/MattSurabian/grunt_cookbook.git
    revision: b3f543346cfbb99d83baff6604dcef595254e777
  mongodb
  nodejs

GRAPH
  7-zip (1.0.2)
    windows (>= 1.2.2)
  apt (2.6.0)
  ark (0.9.0)
    7-zip (>= 0.0.0)
    windows (>= 0.0.0)
  build-essential (2.1.2)
  chef_handler (1.1.6)
  dmg (2.2.0)
  ffmpeg (0.4.3)
    build-essential (>= 0.0.0)
    git (>= 0.0.0)
    libvpx (>= 0.0.0)
    x264 (>= 0.0.0)
    yasm (>= 0.0.0)
  git (4.0.2)
    build-essential (>= 0.0.0)
    dmg (>= 0.0.0)
    runit (>= 1.0.0)
    windows (>= 0.0.0)
    yum (~> 3.0)
    yum-epel (>= 0.0.0)
  grunt_cookbook (1.0.0)
    nodejs (>= 0.0.0)
  libvpx (1.0.1)
    build-essential (>= 0.0.0)
    git (>= 0.0.0)
    yasm (>= 0.0.0)
  mongodb (0.16.2)
    apt (>= 1.8.2)
    python (>= 0.0.0)
    runit (>= 1.5.0)
    yum (>= 3.0)
  nodejs (2.2.0)
    apt (>= 0.0.0)
    ark (>= 0.0.0)
    build-essential (>= 0.0.0)
    yum-epel (>= 0.0.0)
  python (1.4.6)
    build-essential (>= 0.0.0)
    yum-epel (>= 0.0.0)
  runit (1.5.10)
    build-essential (>= 0.0.0)
    yum (~> 3.0)
    yum-epel (>= 0.0.0)
  windows (1.34.8)
    chef_handler (>= 0.0.0)
  x264 (0.5.1)
    build-essential (>= 0.0.0)
    git (>= 0.0.0)
    yasm (>= 0.0.0)
  yasm (1.0.1)
    build-essential (>= 0.0.0)
    git (>= 0.0.0)
  yum (3.4.1)
  yum-epel (0.5.2)
    yum (~> 3.0)
